
Microsoft Visual Studio Solution File, Format Version 12.00
# Visual Studio Version 16
VisualStudioVersion = 16.0.35425.106
MinimumVisualStudioVersion = 10.0.40219.1
Project("{F184B08F-C81C-45F6-A57F-5ABD9991F28F}") = "Examen", "Examen\Examen.vbproj", "{A2D1AAC7-0EB5-476C-A3FA-FC462BB6D089}"
EndProject
Global
	GlobalSection(SolutionConfigurationPlatforms) = preSolution
		Debug|Any CPU = Debug|Any CPU
		Release|Any CPU = Release|Any CPU
	EndGlobalSection
	GlobalSection(ProjectConfigurationPlatforms) = postSolution
		{A2D1AAC7-0EB5-476C-A3FA-FC462BB6D089}.Debug|Any CPU.ActiveCfg = Debug|Any CPU
		{A2D1AAC7-0EB5-476C-A3FA-FC462BB6D089}.Debug|Any CPU.Build.0 = Debug|Any CPU
		{A2D1AAC7-0EB5-476C-A3FA-FC462BB6D089}.Release|Any CPU.ActiveCfg = Release|Any CPU
		{A2D1AAC7-0EB5-476C-A3FA-FC462BB6D089}.Release|Any CPU.Build.0 = Release|Any CPU
	EndGlobalSection
	GlobalSection(SolutionProperties) = preSolution
		HideSolutionNode = FALSE
	EndGlobalSection
	GlobalSection(ExtensibilityGlobals) = postSolution
		SolutionGuid = {852A2447-67D8-44D3-9F8A-354928A7BE34}
	EndGlobalSection
EndGlobal
